// !$*UTF8*$!
{
	archiveVersion = 1;
	classes = {
	};
	objectVersion = 46;
	objects = {

/* Begin PBXBuildFile section */
		3D4BB4B216A55EBF000C0D2E /* test1.json in Resources */ = {isa = PBXBuildFile; fileRef = 3D4BB4B016A55EBF000C0D2E /* test1.json */; };
		3D4BB4B316A55EBF000C0D2E /* test1.json in Resources */ = {isa = PBXBuildFile; fileRef = 3D4BB4B016A55EBF000C0D2E /* test1.json */; };
		3D4BB4B416A55EBF000C0D2E /* test2.json in Resources */ = {isa = PBXBuildFile; fileRef = 3D4BB4B116A55EBF000C0D2E /* test2.json */; };
		3D4BB4B516A55EBF000C0D2E /* test2.json in Resources */ = {isa = PBXBuildFile; fileRef = 3D4BB4B116A55EBF000C0D2E /* test2.json */; };
		3D4BB4B716A55F04000C0D2E /* test3.json in Resources */ = {isa = PBXBuildFile; fileRef = 3D4BB4B616A55F04000C0D2E /* test3.json */; };
		3D4BB4B816A55F04000C0D2E /* test3.json in Resources */ = {isa = PBXBuildFile; fileRef = 3D4BB4B616A55F04000C0D2E /* test3.json */; };
		3D4BB4BA16A55F4E000C0D2E /* test4.json in Resources */ = {isa = PBXBuildFile; fileRef = 3D4BB4B916A55F4E000C0D2E /* test4.json */; };
		3D4BB4BB16A55F4E000C0D2E /* test4.json in Resources */ = {isa = PBXBuildFile; fileRef = 3D4BB4B916A55F4E000C0D2E /* test4.json */; };
		3D4BB4BD16A55FA4000C0D2E /* test5.json in Resources */ = {isa = PBXBuildFile; fileRef = 3D4BB4BC16A55FA4000C0D2E /* test5.json */; };
		3D4BB4BE16A55FA4000C0D2E /* test5.json in Resources */ = {isa = PBXBuildFile; fileRef = 3D4BB4BC16A55FA4000C0D2E /* test5.json */; };
		3D4BB4C016A55FD9000C0D2E /* test6.json in Resources */ = {isa = PBXBuildFile; fileRef = 3D4BB4BF16A55FD9000C0D2E /* test6.json */; };
		3D4BB4C116A55FD9000C0D2E /* test6.json in Resources */ = {isa = PBXBuildFile; fileRef = 3D4BB4BF16A55FD9000C0D2E /* test6.json */; };
		3D4BB4C316A56058000C0D2E /* test7.json in Resources */ = {isa = PBXBuildFile; fileRef = 3D4BB4C216A56058000C0D2E /* test7.json */; };
		3D4BB4C416A56058000C0D2E /* test7.json in Resources */ = {isa = PBXBuildFile; fileRef = 3D4BB4C216A56058000C0D2E /* test7.json */; };
		3D4BB4C716A5610A000C0D2E /* test8.json in Resources */ = {isa = PBXBuildFile; fileRef = 3D4BB4C516A5610A000C0D2E /* test8.json */; };
		3D4BB4C816A5610A000C0D2E /* test8.json in Resources */ = {isa = PBXBuildFile; fileRef = 3D4BB4C516A5610A000C0D2E /* test8.json */; };
		3D4BB4C916A5610A000C0D2E /* test9.json in Resources */ = {isa = PBXBuildFile; fileRef = 3D4BB4C616A5610A000C0D2E /* test9.json */; };
		3D4BB4CA16A5610A000C0D2E /* test9.json in Resources */ = {isa = PBXBuildFile; fileRef = 3D4BB4C616A5610A000C0D2E /* test9.json */; };
		3D4BB4CC16A56206000C0D2E /* test10.json in Resources */ = {isa = PBXBuildFile; fileRef = 3D4BB4CB16A56206000C0D2E /* test10.json */; };
		3D4BB4CD16A56206000C0D2E /* test10.json in Resources */ = {isa = PBXBuildFile; fileRef = 3D4BB4CB16A56206000C0D2E /* test10.json */; };
		3D4BB4CF16A56243000C0D2E /* test11.json in Resources */ = {isa = PBXBuildFile; fileRef = 3D4BB4CE16A56243000C0D2E /* test11.json */; };
		3D4BB4D016A56243000C0D2E /* test11.json in Resources */ = {isa = PBXBuildFile; fileRef = 3D4BB4CE16A56243000C0D2E /* test11.json */; };
		3D7DA2C5169D7D0800801962 /* UIKit.framework in Frameworks */ = {isa = PBXBuildFile; fileRef = 3D7DA2C4169D7D0800801962 /* UIKit.framework */; };
		3D7DA2C7169D7D0800801962 /* Foundation.framework in Frameworks */ = {isa = PBXBuildFile; fileRef = 3D7DA2C6169D7D0800801962 /* Foundation.framework */; };
		3D7DA2C9169D7D0800801962 /* CoreGraphics.framework in Frameworks */ = {isa = PBXBuildFile; fileRef = 3D7DA2C8169D7D0800801962 /* CoreGraphics.framework */; };
		3D7DA2CF169D7D0800801962 /* InfoPlist.strings in Resources */ = {isa = PBXBuildFile; fileRef = 3D7DA2CD169D7D0800801962 /* InfoPlist.strings */; };
		3D7DA2D1169D7D0800801962 /* main.m in Sources */ = {isa = PBXBuildFile; fileRef = 3D7DA2D0169D7D0800801962 /* main.m */; };
		3D7DA2D5169D7D0800801962 /* AppDelegate.m in Sources */ = {isa = PBXBuildFile; fileRef = 3D7DA2D4169D7D0800801962 /* AppDelegate.m */; };
		3D7DA2D7169D7D0800801962 /* Default.png in Resources */ = {isa = PBXBuildFile; fileRef = 3D7DA2D6169D7D0800801962 /* Default.png */; };
		3D7DA2D9169D7D0800801962 /* Default@2x.png in Resources */ = {isa = PBXBuildFile; fileRef = 3D7DA2D8169D7D0800801962 /* Default@2x.png */; };
		3D7DA2DB169D7D0800801962 /* Default-568h@2x.png in Resources */ = {isa = PBXBuildFile; fileRef = 3D7DA2DA169D7D0800801962 /* Default-568h@2x.png */; };
		3D7DA2DE169D7D0800801962 /* ViewController.m in Sources */ = {isa = PBXBuildFile; fileRef = 3D7DA2DD169D7D0800801962 /* ViewController.m */; };
		3D7DA2E1169D7D0800801962 /* ViewController.xib in Resources */ = {isa = PBXBuildFile; fileRef = 3D7DA2DF169D7D0800801962 /* ViewController.xib */; };
		3D7DA2E9169D7D0800801962 /* SenTestingKit.framework in Frameworks */ = {isa = PBXBuildFile; fileRef = 3D7DA2E8169D7D0800801962 /* SenTestingKit.framework */; };
		3D7DA2EA169D7D0800801962 /* UIKit.framework in Frameworks */ = {isa = PBXBuildFile; fileRef = 3D7DA2C4169D7D0800801962 /* UIKit.framework */; };
		3D7DA2EB169D7D0800801962 /* Foundation.framework in Frameworks */ = {isa = PBXBuildFile; fileRef = 3D7DA2C6169D7D0800801962 /* Foundation.framework */; };
		3D7DA2F3169D7D0800801962 /* InfoPlist.strings in Resources */ = {isa = PBXBuildFile; fileRef = 3D7DA2F1169D7D0800801962 /* InfoPlist.strings */; };
		3D7DA2F6169D7D0800801962 /* OKJSONParserApplicationTests.m in Sources */ = {isa = PBXBuildFile; fileRef = 3D7DA2F5169D7D0800801962 /* OKJSONParserApplicationTests.m */; };
		3D7DA309169D7D2800801962 /* JSONKit.m in Sources */ = {isa = PBXBuildFile; fileRef = 3D7DA302169D7D2800801962 /* JSONKit.m */; settings = {COMPILER_FLAGS = "-fno-objc-arc"; }; };
		3D7DA30A169D7D2800801962 /* JSONKit.m in Sources */ = {isa = PBXBuildFile; fileRef = 3D7DA302169D7D2800801962 /* JSONKit.m */; settings = {COMPILER_FLAGS = "-fno-objc-arc"; }; };
		3D7DA30D169D7D2800801962 /* OKJSONParser.c in Sources */ = {isa = PBXBuildFile; fileRef = 3D7DA305169D7D2800801962 /* OKJSONParser.c */; };
		3D7DA30E169D7D2800801962 /* OKJSONParser.c in Sources */ = {isa = PBXBuildFile; fileRef = 3D7DA305169D7D2800801962 /* OKJSONParser.c */; };
		3D7DA311169D7D8E00801962 /* MachTime.m in Sources */ = {isa = PBXBuildFile; fileRef = 3D7DA310169D7D8E00801962 /* MachTime.m */; };
		3D7DA312169D7D8E00801962 /* MachTime.m in Sources */ = {isa = PBXBuildFile; fileRef = 3D7DA310169D7D8E00801962 /* MachTime.m */; };
		3DB5917F169D99A8004A8AF0 /* OKJSON.m in Sources */ = {isa = PBXBuildFile; fileRef = 3DB5917E169D99A8004A8AF0 /* OKJSON.m */; settings = {COMPILER_FLAGS = "-fno-objc-arc"; }; };
		3DB59180169D99A8004A8AF0 /* OKJSON.m in Sources */ = {isa = PBXBuildFile; fileRef = 3DB5917E169D99A8004A8AF0 /* OKJSON.m */; settings = {COMPILER_FLAGS = "-fno-objc-arc"; }; };
/* End PBXBuildFile section */

/* Begin PBXContainerItemProxy section */
		3D7DA2EC169D7D0800801962 /* PBXContainerItemProxy */ = {
			isa = PBXContainerItemProxy;
			containerPortal = 3D7DA2B7169D7D0800801962 /* Project object */;
			proxyType = 1;
			remoteGlobalIDString = 3D7DA2BF169D7D0800801962;
			remoteInfo = OKJSONParserApplication;
		};
/* End PBXContainerItemProxy section */

/* Begin PBXFileReference section */
		3D4BB4B016A55EBF000C0D2E /* test1.json */ = {isa = PBXFileReference; fileEncoding = 4; lastKnownFileType = text.json; name = test1.json; path = TestJSONFiles/test1.json; sourceTree = SOURCE_ROOT; };
		3D4BB4B116A55EBF000C0D2E /* test2.json */ = {isa = PBXFileReference; fileEncoding = 4; lastKnownFileType = text.json; name = test2.json; path = TestJSONFiles/test2.json; sourceTree = SOURCE_ROOT; };
		3D4BB4B616A55F04000C0D2E /* test3.json */ = {isa = PBXFileReference; fileEncoding = 4; lastKnownFileType = text.json; name = test3.json; path = TestJSONFiles/test3.json; sourceTree = SOURCE_ROOT; };
		3D4BB4B916A55F4E000C0D2E /* test4.json */ = {isa = PBXFileReference; fileEncoding = 4; lastKnownFileType = text.json; name = test4.json; path = TestJSONFiles/test4.json; sourceTree = SOURCE_ROOT; };
		3D4BB4BC16A55FA4000C0D2E /* test5.json */ = {isa = PBXFileReference; fileEncoding = 4; lastKnownFileType = text.json; name = test5.json; path = TestJSONFiles/test5.json; sourceTree = SOURCE_ROOT; };
		3D4BB4BF16A55FD9000C0D2E /* test6.json */ = {isa = PBXFileReference; fileEncoding = 4; lastKnownFileType = text.json; name = test6.json; path = TestJSONFiles/test6.json; sourceTree = SOURCE_ROOT; };
		3D4BB4C216A56058000C0D2E /* test7.json */ = {isa = PBXFileReference; fileEncoding = 4; lastKnownFileType = text.json; name = test7.json; path = TestJSONFiles/test7.json; sourceTree = SOURCE_ROOT; };
		3D4BB4C516A5610A000C0D2E /* test8.json */ = {isa = PBXFileReference; fileEncoding = 4; lastKnownFileType = text.json; name = test8.json; path = TestJSONFiles/test8.json; sourceTree = SOURCE_ROOT; };
		3D4BB4C616A5610A000C0D2E /* test9.json */ = {isa = PBXFileReference; fileEncoding = 4; lastKnownFileType = text.json; name = test9.json; path = TestJSONFiles/test9.json; sourceTree = SOURCE_ROOT; };
		3D4BB4CB16A56206000C0D2E /* test10.json */ = {isa = PBXFileReference; fileEncoding = 4; lastKnownFileType = text.json; name = test10.json; path = TestJSONFiles/test10.json; sourceTree = SOURCE_ROOT; };
		3D4BB4CE16A56243000C0D2E /* test11.json */ = {isa = PBXFileReference; fileEncoding = 4; lastKnownFileType = text.json; name = test11.json; path = TestJSONFiles/test11.json; sourceTree = SOURCE_ROOT; };
		3D7DA2C0169D7D0800801962 /* OKJSONParserApplication.app */ = {isa = PBXFileReference; explicitFileType = wrapper.application; includeInIndex = 0; path = OKJSONParserApplication.app; sourceTree = BUILT_PRODUCTS_DIR; };
		3D7DA2C4169D7D0800801962 /* UIKit.framework */ = {isa = PBXFileReference; lastKnownFileType = wrapper.framework; name = UIKit.framework; path = System/Library/Frameworks/UIKit.framework; sourceTree = SDKROOT; };
		3D7DA2C6169D7D0800801962 /* Foundation.framework */ = {isa = PBXFileReference; lastKnownFileType = wrapper.framework; name = Foundation.framework; path = System/Library/Frameworks/Foundation.framework; sourceTree = SDKROOT; };
		3D7DA2C8169D7D0800801962 /* CoreGraphics.framework */ = {isa = PBXFileReference; lastKnownFileType = wrapper.framework; name = CoreGraphics.framework; path = System/Library/Frameworks/CoreGraphics.framework; sourceTree = SDKROOT; };
		3D7DA2CC169D7D0800801962 /* OKJSONParserApplication-Info.plist */ = {isa = PBXFileReference; lastKnownFileType = text.plist.xml; path = "OKJSONParserApplication-Info.plist"; sourceTree = "<group>"; };
		3D7DA2CE169D7D0800801962 /* en */ = {isa = PBXFileReference; lastKnownFileType = text.plist.strings; name = en; path = en.lproj/InfoPlist.strings; sourceTree = "<group>"; };
		3D7DA2D0169D7D0800801962 /* main.m */ = {isa = PBXFileReference; lastKnownFileType = sourcecode.c.objc; path = main.m; sourceTree = "<group>"; };
		3D7DA2D2169D7D0800801962 /* OKJSONParserApplication-Prefix.pch */ = {isa = PBXFileReference; lastKnownFileType = sourcecode.c.h; path = "OKJSONParserApplication-Prefix.pch"; sourceTree = "<group>"; };
		3D7DA2D3169D7D0800801962 /* AppDelegate.h */ = {isa = PBXFileReference; lastKnownFileType = sourcecode.c.h; path = AppDelegate.h; sourceTree = "<group>"; };
		3D7DA2D4169D7D0800801962 /* AppDelegate.m */ = {isa = PBXFileReference; lastKnownFileType = sourcecode.c.objc; path = AppDelegate.m; sourceTree = "<group>"; };
		3D7DA2D6169D7D0800801962 /* Default.png */ = {isa = PBXFileReference; lastKnownFileType = image.png; path = Default.png; sourceTree = "<group>"; };
		3D7DA2D8169D7D0800801962 /* Default@2x.png */ = {isa = PBXFileReference; lastKnownFileType = image.png; path = "Default@2x.png"; sourceTree = "<group>"; };
		3D7DA2DA169D7D0800801962 /* Default-568h@2x.png */ = {isa = PBXFileReference; lastKnownFileType = image.png; path = "Default-568h@2x.png"; sourceTree = "<group>"; };
		3D7DA2DC169D7D0800801962 /* ViewController.h */ = {isa = PBXFileReference; lastKnownFileType = sourcecode.c.h; path = ViewController.h; sourceTree = "<group>"; };
		3D7DA2DD169D7D0800801962 /* ViewController.m */ = {isa = PBXFileReference; lastKnownFileType = sourcecode.c.objc; path = ViewController.m; sourceTree = "<group>"; };
		3D7DA2E0169D7D0800801962 /* en */ = {isa = PBXFileReference; lastKnownFileType = file.xib; name = en; path = en.lproj/ViewController.xib; sourceTree = "<group>"; };
		3D7DA2E7169D7D0800801962 /* OKJSONParserApplicationTests.octest */ = {isa = PBXFileReference; explicitFileType = wrapper.cfbundle; includeInIndex = 0; path = OKJSONParserApplicationTests.octest; sourceTree = BUILT_PRODUCTS_DIR; };
		3D7DA2E8169D7D0800801962 /* SenTestingKit.framework */ = {isa = PBXFileReference; lastKnownFileType = wrapper.framework; name = SenTestingKit.framework; path = Library/Frameworks/SenTestingKit.framework; sourceTree = DEVELOPER_DIR; };
		3D7DA2F0169D7D0800801962 /* OKJSONParserApplicationTests-Info.plist */ = {isa = PBXFileReference; lastKnownFileType = text.plist.xml; path = "OKJSONParserApplicationTests-Info.plist"; sourceTree = "<group>"; };
		3D7DA2F2169D7D0800801962 /* en */ = {isa = PBXFileReference; lastKnownFileType = text.plist.strings; name = en; path = en.lproj/InfoPlist.strings; sourceTree = "<group>"; };
		3D7DA2F4169D7D0800801962 /* OKJSONParserApplicationTests.h */ = {isa = PBXFileReference; lastKnownFileType = sourcecode.c.h; path = OKJSONParserApplicationTests.h; sourceTree = "<group>"; };
		3D7DA2F5169D7D0800801962 /* OKJSONParserApplicationTests.m */ = {isa = PBXFileReference; lastKnownFileType = sourcecode.c.objc; path = OKJSONParserApplicationTests.m; sourceTree = "<group>"; };
		3D7DA301169D7D2800801962 /* JSONKit.h */ = {isa = PBXFileReference; fileEncoding = 4; lastKnownFileType = sourcecode.c.h; path = JSONKit.h; sourceTree = "<group>"; };
		3D7DA302169D7D2800801962 /* JSONKit.m */ = {isa = PBXFileReference; fileEncoding = 4; lastKnownFileType = sourcecode.c.objc; path = JSONKit.m; sourceTree = "<group>"; };
		3D7DA305169D7D2800801962 /* OKJSONParser.c */ = {isa = PBXFileReference; fileEncoding = 4; lastKnownFileType = sourcecode.c.c; path = OKJSONParser.c; sourceTree = "<group>"; };
		3D7DA306169D7D2800801962 /* OKJSONParser.h */ = {isa = PBXFileReference; fileEncoding = 4; lastKnownFileType = sourcecode.c.h; path = OKJSONParser.h; sourceTree = "<group>"; };
		3D7DA30F169D7D8E00801962 /* MachTime.h */ = {isa = PBXFileReference; fileEncoding = 4; lastKnownFileType = sourcecode.c.h; name = MachTime.h; path = OKJSONParserApplication/MachTime.h; sourceTree = "<group>"; };
		3D7DA310169D7D8E00801962 /* MachTime.m */ = {isa = PBXFileReference; fileEncoding = 4; lastKnownFileType = sourcecode.c.objc; name = MachTime.m; path = OKJSONParserApplication/MachTime.m; sourceTree = "<group>"; };
		3DB5917D169D99A8004A8AF0 /* OKJSON.h */ = {isa = PBXFileReference; fileEncoding = 4; lastKnownFileType = sourcecode.c.h; path = OKJSON.h; sourceTree = "<group>"; };
		3DB5917E169D99A8004A8AF0 /* OKJSON.m */ = {isa = PBXFileReference; fileEncoding = 4; lastKnownFileType = sourcecode.c.objc; path = OKJSON.m; sourceTree = "<group>"; };
/* End PBXFileReference section */

/* Begin PBXFrameworksBuildPhase section */
		3D7DA2BD169D7D0800801962 /* Frameworks */ = {
			isa = PBXFrameworksBuildPhase;
			buildActionMask = 2147483647;
			files = (
				3D7DA2C5169D7D0800801962 /* UIKit.framework in Frameworks */,
				3D7DA2C7169D7D0800801962 /* Foundation.framework in Frameworks */,
				3D7DA2C9169D7D0800801962 /* CoreGraphics.framework in Frameworks */,
			);
			runOnlyForDeploymentPostprocessing = 0;
		};
		3D7DA2E3169D7D0800801962 /* Frameworks */ = {
			isa = PBXFrameworksBuildPhase;
			buildActionMask = 2147483647;
			files = (
				3D7DA2E9169D7D0800801962 /* SenTestingKit.framework in Frameworks */,
				3D7DA2EA169D7D0800801962 /* UIKit.framework in Frameworks */,
				3D7DA2EB169D7D0800801962 /* Foundation.framework in Frameworks */,
			);
			runOnlyForDeploymentPostprocessing = 0;
		};
/* End PBXFrameworksBuildPhase section */

/* Begin PBXGroup section */
		3D7DA2B5169D7D0800801962 = {
			isa = PBXGroup;
			children = (
				3D7DA313169D7D9400801962 /* MachTime */,
				3D7DA2FF169D7D2800801962 /* JSONKit */,
				3D7DA304169D7D2800801962 /* OKJSONParser */,
				3D7DA2CA169D7D0800801962 /* OKJSONParserApplication */,
				3D7DA2EE169D7D0800801962 /* OKJSONParserApplicationTests */,
				3D7DA2C3169D7D0800801962 /* Frameworks */,
				3D7DA2C1169D7D0800801962 /* Products */,
			);
			sourceTree = "<group>";
		};
		3D7DA2C1169D7D0800801962 /* Products */ = {
			isa = PBXGroup;
			children = (
				3D7DA2C0169D7D0800801962 /* OKJSONParserApplication.app */,
				3D7DA2E7169D7D0800801962 /* OKJSONParserApplicationTests.octest */,
			);
			name = Products;
			sourceTree = "<group>";
		};
		3D7DA2C3169D7D0800801962 /* Frameworks */ = {
			isa = PBXGroup;
			children = (
				3D7DA2C4169D7D0800801962 /* UIKit.framework */,
				3D7DA2C6169D7D0800801962 /* Foundation.framework */,
				3D7DA2C8169D7D0800801962 /* CoreGraphics.framework */,
				3D7DA2E8169D7D0800801962 /* SenTestingKit.framework */,
			);
			name = Frameworks;
			sourceTree = "<group>";
		};
		3D7DA2CA169D7D0800801962 /* OKJSONParserApplication */ = {
			isa = PBXGroup;
			children = (
				3D7DA2D3169D7D0800801962 /* AppDelegate.h */,
				3D7DA2D4169D7D0800801962 /* AppDelegate.m */,
				3D7DA2DC169D7D0800801962 /* ViewController.h */,
				3D7DA2DD169D7D0800801962 /* ViewController.m */,
				3D7DA2DF169D7D0800801962 /* ViewController.xib */,
				3D7DA2CB169D7D0800801962 /* Supporting Files */,
			);
			path = OKJSONParserApplication;
			sourceTree = "<group>";
		};
		3D7DA2CB169D7D0800801962 /* Supporting Files */ = {
			isa = PBXGroup;
			children = (
				3D7DA314169D7E4000801962 /* Test JSON files */,
				3D7DA2CC169D7D0800801962 /* OKJSONParserApplication-Info.plist */,
				3D7DA2CD169D7D0800801962 /* InfoPlist.strings */,
				3D7DA2D0169D7D0800801962 /* main.m */,
				3D7DA2D2169D7D0800801962 /* OKJSONParserApplication-Prefix.pch */,
				3D7DA2D6169D7D0800801962 /* Default.png */,
				3D7DA2D8169D7D0800801962 /* Default@2x.png */,
				3D7DA2DA169D7D0800801962 /* Default-568h@2x.png */,
			);
			name = "Supporting Files";
			sourceTree = "<group>";
		};
		3D7DA2EE169D7D0800801962 /* OKJSONParserApplicationTests */ = {
			isa = PBXGroup;
			children = (
				3D7DA2F4169D7D0800801962 /* OKJSONParserApplicationTests.h */,
				3D7DA2F5169D7D0800801962 /* OKJSONParserApplicationTests.m */,
				3D7DA2EF169D7D0800801962 /* Supporting Files */,
			);
			path = OKJSONParserApplicationTests;
			sourceTree = "<group>";
		};
		3D7DA2EF169D7D0800801962 /* Supporting Files */ = {
			isa = PBXGroup;
			children = (
				3D7DA2F0169D7D0800801962 /* OKJSONParserApplicationTests-Info.plist */,
				3D7DA2F1169D7D0800801962 /* InfoPlist.strings */,
			);
			name = "Supporting Files";
			sourceTree = "<group>";
		};
		3D7DA2FF169D7D2800801962 /* JSONKit */ = {
			isa = PBXGroup;
			children = (
				3D7DA301169D7D2800801962 /* JSONKit.h */,
				3D7DA302169D7D2800801962 /* JSONKit.m */,
			);
			path = JSONKit;
			sourceTree = "<group>";
		};
		3D7DA304169D7D2800801962 /* OKJSONParser */ = {
			isa = PBXGroup;
			children = (
				3D7DA306169D7D2800801962 /* OKJSONParser.h */,
				3D7DA305169D7D2800801962 /* OKJSONParser.c */,
				3DB5917D169D99A8004A8AF0 /* OKJSON.h */,
				3DB5917E169D99A8004A8AF0 /* OKJSON.m */,
			);
			path = OKJSONParser;
			sourceTree = "<group>";
		};
		3D7DA313169D7D9400801962 /* MachTime */ = {
			isa = PBXGroup;
			children = (
				3D7DA30F169D7D8E00801962 /* MachTime.h */,
				3D7DA310169D7D8E00801962 /* MachTime.m */,
			);
			name = MachTime;
			sourceTree = "<group>";
		};
		3D7DA314169D7E4000801962 /* Test JSON files */ = {
			isa = PBXGroup;
			children = (
				3D4BB4B016A55EBF000C0D2E /* test1.json */,
				3D4BB4B116A55EBF000C0D2E /* test2.json */,
				3D4BB4B616A55F04000C0D2E /* test3.json */,
				3D4BB4B916A55F4E000C0D2E /* test4.json */,
				3D4BB4BC16A55FA4000C0D2E /* test5.json */,
				3D4BB4BF16A55FD9000C0D2E /* test6.json */,
				3D4BB4C216A56058000C0D2E /* test7.json */,
				3D4BB4C516A5610A000C0D2E /* test8.json */,
				3D4BB4C616A5610A000C0D2E /* test9.json */,
				3D4BB4CB16A56206000C0D2E /* test10.json */,
				3D4BB4CE16A56243000C0D2E /* test11.json */,
			);
			name = "Test JSON files";
			sourceTree = "<group>";
		};
/* End PBXGroup section */

/* Begin PBXNativeTarget section */
		3D7DA2BF169D7D0800801962 /* OKJSONParserApplication */ = {
			isa = PBXNativeTarget;
			buildConfigurationList = 3D7DA2F9169D7D0800801962 /* Build configuration list for PBXNativeTarget "OKJSONParserApplication" */;
			buildPhases = (
				3D7DA2BC169D7D0800801962 /* Sources */,
				3D7DA2BD169D7D0800801962 /* Frameworks */,
				3D7DA2BE169D7D0800801962 /* Resources */,
			);
			buildRules = (
			);
			dependencies = (
			);
			name = OKJSONParserApplication;
			productName = OKJSONParserApplication;
			productReference = 3D7DA2C0169D7D0800801962 /* OKJSONParserApplication.app */;
			productType = "com.apple.product-type.application";
		};
		3D7DA2E6169D7D0800801962 /* OKJSONParserApplicationTests */ = {
			isa = PBXNativeTarget;
			buildConfigurationList = 3D7DA2FC169D7D0800801962 /* Build configuration list for PBXNativeTarget "OKJSONParserApplicationTests" */;
			buildPhases = (
				3D7DA2E2169D7D0800801962 /* Sources */,
				3D7DA2E3169D7D0800801962 /* Frameworks */,
				3D7DA2E4169D7D0800801962 /* Resources */,
				3D7DA2E5169D7D0800801962 /* ShellScript */,
			);
			buildRules = (
			);
			dependencies = (
				3D7DA2ED169D7D0800801962 /* PBXTargetDependency */,
			);
			name = OKJSONParserApplicationTests;
			productName = OKJSONParserApplicationTests;
			productReference = 3D7DA2E7169D7D0800801962 /* OKJSONParserApplicationTests.octest */;
			productType = "com.apple.product-type.bundle";
		};
/* End PBXNativeTarget section */

/* Begin PBXProject section */
		3D7DA2B7169D7D0800801962 /* Project object */ = {
			isa = PBXProject;
			attributes = {
				LastUpgradeCheck = 0450;
				ORGANIZATIONNAME = n;
			};
			buildConfigurationList = 3D7DA2BA169D7D0800801962 /* Build configuration list for PBXProject "OKJSONParserApplication" */;
			compatibilityVersion = "Xcode 3.2";
			developmentRegion = English;
			hasScannedForEncodings = 0;
			knownRegions = (
				en,
			);
			mainGroup = 3D7DA2B5169D7D0800801962;
			productRefGroup = 3D7DA2C1169D7D0800801962 /* Products */;
			projectDirPath = "";
			projectRoot = "";
			targets = (
				3D7DA2BF169D7D0800801962 /* OKJSONParserApplication */,
				3D7DA2E6169D7D0800801962 /* OKJSONParserApplicationTests */,
			);
		};
/* End PBXProject section */

/* Begin PBXResourcesBuildPhase section */
		3D7DA2BE169D7D0800801962 /* Resources */ = {
			isa = PBXResourcesBuildPhase;
			buildActionMask = 2147483647;
			files = (
				3D7DA2CF169D7D0800801962 /* InfoPlist.strings in Resources */,
				3D7DA2D7169D7D0800801962 /* Default.png in Resources */,
				3D7DA2D9169D7D0800801962 /* Default@2x.png in Resources */,
				3D7DA2DB169D7D0800801962 /* Default-568h@2x.png in Resources */,
				3D7DA2E1169D7D0800801962 /* ViewController.xib in Resources */,
				3D4BB4B216A55EBF000C0D2E /* test1.json in Resources */,
				3D4BB4B416A55EBF000C0D2E /* test2.json in Resources */,
				3D4BB4B716A55F04000C0D2E /* test3.json in Resources */,
				3D4BB4BA16A55F4E000C0D2E /* test4.json in Resources */,
				3D4BB4BD16A55FA4000C0D2E /* test5.json in Resources */,
				3D4BB4C016A55FD9000C0D2E /* test6.json in Resources */,
				3D4BB4C316A56058000C0D2E /* test7.json in Resources */,
				3D4BB4C716A5610A000C0D2E /* test8.json in Resources */,
				3D4BB4C916A5610A000C0D2E /* test9.json in Resources */,
				3D4BB4CC16A56206000C0D2E /* test10.json in Resources */,
				3D4BB4CF16A56243000C0D2E /* test11.json in Resources */,
			);
			runOnlyForDeploymentPostprocessing = 0;
		};
		3D7DA2E4169D7D0800801962 /* Resources */ = {
			isa = PBXResourcesBuildPhase;
			buildActionMask = 2147483647;
			files = (
				3D7DA2F3169D7D0800801962 /* InfoPlist.strings in Resources */,
				3D4BB4B316A55EBF000C0D2E /* test1.json in Resources */,
				3D4BB4B516A55EBF000C0D2E /* test2.json in Resources */,
				3D4BB4B816A55F04000C0D2E /* test3.json in Resources */,
				3D4BB4BB16A55F4E000C0D2E /* test4.json in Resources */,
				3D4BB4BE16A55FA4000C0D2E /* test5.json in Resources */,
				3D4BB4C116A55FD9000C0D2E /* test6.json in Resources */,
				3D4BB4C416A56058000C0D2E /* test7.json in Resources */,
				3D4BB4C816A5610A000C0D2E /* test8.json in Resources */,
				3D4BB4CA16A5610A000C0D2E /* test9.json in Resources */,
				3D4BB4CD16A56206000C0D2E /* test10.json in Resources */,
				3D4BB4D016A56243000C0D2E /* test11.json in Resources */,
			);
			runOnlyForDeploymentPostprocessing = 0;
		};
/* End PBXResourcesBuildPhase section */

/* Begin PBXShellScriptBuildPhase section */
		3D7DA2E5169D7D0800801962 /* ShellScript */ = {
			isa = PBXShellScriptBuildPhase;
			buildActionMask = 2147483647;
			files = (
			);
			inputPaths = (
			);
			outputPaths = (
			);
			runOnlyForDeploymentPostprocessing = 0;
			shellPath = /bin/sh;
			shellScript = "# Run the unit tests in this test bundle.\n\"${SYSTEM_DEVELOPER_DIR}/Tools/RunUnitTests\"\n";
		};
/* End PBXShellScriptBuildPhase section */

/* Begin PBXSourcesBuildPhase section */
		3D7DA2BC169D7D0800801962 /* Sources */ = {
			isa = PBXSourcesBuildPhase;
			buildActionMask = 2147483647;
			files = (
				3D7DA2D1169D7D0800801962 /* main.m in Sources */,
				3D7DA2D5169D7D0800801962 /* AppDelegate.m in Sources */,
				3D7DA2DE169D7D0800801962 /* ViewController.m in Sources */,
				3D7DA309169D7D2800801962 /* JSONKit.m in Sources */,
				3D7DA30D169D7D2800801962 /* OKJSONParser.c in Sources */,
				3D7DA311169D7D8E00801962 /* MachTime.m in Sources */,
				3DB5917F169D99A8004A8AF0 /* OKJSON.m in Sources */,
			);
			runOnlyForDeploymentPostprocessing = 0;
		};
		3D7DA2E2169D7D0800801962 /* Sources */ = {
			isa = PBXSourcesBuildPhase;
			buildActionMask = 2147483647;
			files = (
				3D7DA2F6169D7D0800801962 /* OKJSONParserApplicationTests.m in Sources */,
				3D7DA30A169D7D2800801962 /* JSONKit.m in Sources */,
				3D7DA30E169D7D2800801962 /* OKJSONParser.c in Sources */,
				3D7DA312169D7D8E00801962 /* MachTime.m in Sources */,
				3DB59180169D99A8004A8AF0 /* OKJSON.m in Sources */,
			);
			runOnlyForDeploymentPostprocessing = 0;
		};
/* End PBXSourcesBuildPhase section */

/* Begin PBXTargetDependency section */
		3D7DA2ED169D7D0800801962 /* PBXTargetDependency */ = {
			isa = PBXTargetDependency;
			target = 3D7DA2BF169D7D0800801962 /* OKJSONParserApplication */;
			targetProxy = 3D7DA2EC169D7D0800801962 /* PBXContainerItemProxy */;
		};
/* End PBXTargetDependency section */

/* Begin PBXVariantGroup section */
		3D7DA2CD169D7D0800801962 /* InfoPlist.strings */ = {
			isa = PBXVariantGroup;
			children = (
				3D7DA2CE169D7D0800801962 /* en */,
			);
			name = InfoPlist.strings;
			sourceTree = "<group>";
		};
		3D7DA2DF169D7D0800801962 /* ViewController.xib */ = {
			isa = PBXVariantGroup;
			children = (
				3D7DA2E0169D7D0800801962 /* en */,
			);
			name = ViewController.xib;
			sourceTree = "<group>";
		};
		3D7DA2F1169D7D0800801962 /* InfoPlist.strings */ = {
			isa = PBXVariantGroup;
			children = (
				3D7DA2F2169D7D0800801962 /* en */,
			);
			name = InfoPlist.strings;
			sourceTree = "<group>";
		};
/* End PBXVariantGroup section */

/* Begin XCBuildConfiguration section */
		3D7DA2F7169D7D0800801962 /* Debug */ = {
			isa = XCBuildConfiguration;
			buildSettings = {
				ALWAYS_SEARCH_USER_PATHS = NO;
				CLANG_CXX_LANGUAGE_STANDARD = "gnu++0x";
				CLANG_CXX_LIBRARY = "libc++";
				CLANG_ENABLE_OBJC_ARC = YES;
				CLANG_WARN_EMPTY_BODY = YES;
				CLANG_WARN__DUPLICATE_METHOD_MATCH = YES;
				"CODE_SIGN_IDENTITY[sdk=iphoneos*]" = "iPhone Developer";
				COPY_PHASE_STRIP = NO;
				GCC_C_LANGUAGE_STANDARD = gnu99;
				GCC_DYNAMIC_NO_PIC = NO;
				GCC_OPTIMIZATION_LEVEL = 0;
				GCC_PREPROCESSOR_DEFINITIONS = (
					"DEBUG=1",
					"$(inherited)",
				);
				GCC_SYMBOLS_PRIVATE_EXTERN = NO;
				GCC_WARN_ABOUT_RETURN_TYPE = YES;
				GCC_WARN_UNINITIALIZED_AUTOS = YES;
				GCC_WARN_UNUSED_VARIABLE = YES;
				IPHONEOS_DEPLOYMENT_TARGET = 6.0;
				ONLY_ACTIVE_ARCH = YES;
				SDKROOT = iphoneos;
			};
			name = Debug;
		};
		3D7DA2F8169D7D0800801962 /* Release */ = {
			isa = XCBuildConfiguration;
			buildSettings = {
				ALWAYS_SEARCH_USER_PATHS = NO;
				CLANG_CXX_LANGUAGE_STANDARD = "gnu++0x";
				CLANG_CXX_LIBRARY = "libc++";
				CLANG_ENABLE_OBJC_ARC = YES;
				CLANG_WARN_EMPTY_BODY = YES;
				CLANG_WARN__DUPLICATE_METHOD_MATCH = YES;
				"CODE_SIGN_IDENTITY[sdk=iphoneos*]" = "iPhone Developer";
				COPY_PHASE_STRIP = YES;
				GCC_C_LANGUAGE_STANDARD = gnu99;
				GCC_OPTIMIZATION_LEVEL = 3;
				GCC_WARN_ABOUT_RETURN_TYPE = YES;
				GCC_WARN_UNINITIALIZED_AUTOS = YES;
				GCC_WARN_UNUSED_VARIABLE = YES;
				IPHONEOS_DEPLOYMENT_TARGET = 6.0;
				OTHER_CFLAGS = "-DNS_BLOCK_ASSERTIONS=1";
				SDKROOT = iphoneos;
				VALIDATE_PRODUCT = YES;
			};
			name = Release;
		};
		3D7DA2FA169D7D0800801962 /* Debug */ = {
			isa = XCBuildConfiguration;
			buildSettings = {
				GCC_PRECOMPILE_PREFIX_HEADER = YES;
				GCC_PREFIX_HEADER = "OKJSONParserApplication/OKJSONParserApplication-Prefix.pch";
				INFOPLIST_FILE = "OKJSONParserApplication/OKJSONParserApplication-Info.plist";
				PRODUCT_NAME = "$(TARGET_NAME)";
				WRAPPER_EXTENSION = app;
			};
			name = Debug;
		};
		3D7DA2FB169D7D0800801962 /* Release */ = {
			isa = XCBuildConfiguration;
			buildSettings = {
				GCC_PRECOMPILE_PREFIX_HEADER = YES;
				GCC_PREFIX_HEADER = "OKJSONParserApplication/OKJSONParserApplication-Prefix.pch";
				INFOPLIST_FILE = "OKJSONParserApplication/OKJSONParserApplication-Info.plist";
				PRODUCT_NAME = "$(TARGET_NAME)";
				WRAPPER_EXTENSION = app;
			};
			name = Release;
		};
		3D7DA2FD169D7D0800801962 /* Debug */ = {
			isa = XCBuildConfiguration;
			buildSettings = {
				BUNDLE_LOADER = "$(BUILT_PRODUCTS_DIR)/OKJSONParserApplication.app/OKJSONParserApplication";
				FRAMEWORK_SEARCH_PATHS = (
					"\"$(SDKROOT)/Developer/Library/Frameworks\"",
					"\"$(DEVELOPER_LIBRARY_DIR)/Frameworks\"",
				);
				GCC_PRECOMPILE_PREFIX_HEADER = YES;
				GCC_PREFIX_HEADER = "OKJSONParserApplication/OKJSONParserApplication-Prefix.pch";
				INFOPLIST_FILE = "OKJSONParserApplicationTests/OKJSONParserApplicationTests-Info.plist";
				PRODUCT_NAME = "$(TARGET_NAME)";
				TEST_HOST = "$(BUNDLE_LOADER)";
				WRAPPER_EXTENSION = octest;
			};
			name = Debug;
		};
		3D7DA2FE169D7D0800801962 /* Release */ = {
			isa = XCBuildConfiguration;
			buildSettings = {
				BUNDLE_LOADER = "$(BUILT_PRODUCTS_DIR)/OKJSONParserApplication.app/OKJSONParserApplication";
				FRAMEWORK_SEARCH_PATHS = (
					"\"$(SDKROOT)/Developer/Library/Frameworks\"",
					"\"$(DEVELOPER_LIBRARY_DIR)/Frameworks\"",
				);
				GCC_PRECOMPILE_PREFIX_HEADER = YES;
				GCC_PREFIX_HEADER = "OKJSONParserApplication/OKJSONParserApplication-Prefix.pch";
				INFOPLIST_FILE = "OKJSONParserApplicationTests/OKJSONParserApplicationTests-Info.plist";
				PRODUCT_NAME = "$(TARGET_NAME)";
				TEST_HOST = "$(BUNDLE_LOADER)";
				WRAPPER_EXTENSION = octest;
			};
			name = Release;
		};
/* End XCBuildConfiguration section */

/* Begin XCConfigurationList section */
		3D7DA2BA169D7D0800801962 /* Build configuration list for PBXProject "OKJSONParserApplication" */ = {
			isa = XCConfigurationList;
			buildConfigurations = (
				3D7DA2F7169D7D0800801962 /* Debug */,
				3D7DA2F8169D7D0800801962 /* Release */,
			);
			defaultConfigurationIsVisible = 0;
			defaultConfigurationName = Release;
		};
		3D7DA2F9169D7D0800801962 /* Build configuration list for PBXNativeTarget "OKJSONParserApplication" */ = {
			isa = XCConfigurationList;
			buildConfigurations = (
				3D7DA2FA169D7D0800801962 /* Debug */,
				3D7DA2FB169D7D0800801962 /* Release */,
			);
			defaultConfigurationIsVisible = 0;
			defaultConfigurationName = Release;
		};
		3D7DA2FC169D7D0800801962 /* Build configuration list for PBXNativeTarget "OKJSONParserApplicationTests" */ = {
			isa = XCConfigurationList;
			buildConfigurations = (
				3D7DA2FD169D7D0800801962 /* Debug */,
				3D7DA2FE169D7D0800801962 /* Release */,
			);
			defaultConfigurationIsVisible = 0;
			defaultConfigurationName = Release;
		};
/* End XCConfigurationList section */
	};
	rootObject = 3D7DA2B7169D7D0800801962 /* Project object */;
}
